
Microsoft Visual Studio Solution File, Format Version 12.00
# Visual Studio 15
VisualStudioVersion = 15.0.26124.0
MinimumVisualStudioVersion = 15.0.26124.0
Project("{2150E333-8FDC-42A3-9474-1A3956D46DE8}") = "src", "src", "{E0DC0FCF-CF57-4EB3-B785-EE80FB6EFE50}"
EndProject
Project("{F2A71F9B-5D33-465A-A702-920D77279786}") = "RouteTiles.Core", "src\RouteTiles.Core\RouteTiles.Core.fsproj", "{1E33F269-B730-4FF0-B8BC-DCEA7A2192A2}"
EndProject
Project("{F2A71F9B-5D33-465A-A702-920D77279786}") = "RouteTiles", "src\RouteTiles\RouteTiles.fsproj", "{6B575479-955E-4A2D-AC63-3CBA91120C1F}"
EndProject
Project("{F2A71F9B-5D33-465A-A702-920D77279786}") = "RouteTiles.Common", "src\RouteTiles.Common\RouteTiles.Common.fsproj", "{4288BFA9-6125-46E1-87F2-879B081912BD}"
EndProject
Project("{F2A71F9B-5D33-465A-A702-920D77279786}") = "RouteTiles.Menu", "src\RouteTiles.Menu\RouteTiles.Menu.fsproj", "{3BD8841C-C393-4547-9F0F-C40E242522F4}"
EndProject
Global
	GlobalSection(SolutionConfigurationPlatforms) = preSolution
		Debug|Any CPU = Debug|Any CPU
		Debug|x64 = Debug|x64
		Debug|x86 = Debug|x86
		Release|Any CPU = Release|Any CPU
		Release|x64 = Release|x64
		Release|x86 = Release|x86
	EndGlobalSection
	GlobalSection(SolutionProperties) = preSolution
		HideSolutionNode = FALSE
	EndGlobalSection
	GlobalSection(ProjectConfigurationPlatforms) = postSolution
		{1E33F269-B730-4FF0-B8BC-DCEA7A2192A2}.Debug|Any CPU.ActiveCfg = Debug|Any CPU
		{1E33F269-B730-4FF0-B8BC-DCEA7A2192A2}.Debug|Any CPU.Build.0 = Debug|Any CPU
		{1E33F269-B730-4FF0-B8BC-DCEA7A2192A2}.Debug|x64.ActiveCfg = Debug|Any CPU
		{1E33F269-B730-4FF0-B8BC-DCEA7A2192A2}.Debug|x64.Build.0 = Debug|Any CPU
		{1E33F269-B730-4FF0-B8BC-DCEA7A2192A2}.Debug|x86.ActiveCfg = Debug|Any CPU
		{1E33F269-B730-4FF0-B8BC-DCEA7A2192A2}.Debug|x86.Build.0 = Debug|Any CPU
		{1E33F269-B730-4FF0-B8BC-DCEA7A2192A2}.Release|Any CPU.ActiveCfg = Release|Any CPU
		{1E33F269-B730-4FF0-B8BC-DCEA7A2192A2}.Release|Any CPU.Build.0 = Release|Any CPU
		{1E33F269-B730-4FF0-B8BC-DCEA7A2192A2}.Release|x64.ActiveCfg = Release|Any CPU
		{1E33F269-B730-4FF0-B8BC-DCEA7A2192A2}.Release|x64.Build.0 = Release|Any CPU
		{1E33F269-B730-4FF0-B8BC-DCEA7A2192A2}.Release|x86.ActiveCfg = Release|Any CPU
		{1E33F269-B730-4FF0-B8BC-DCEA7A2192A2}.Release|x86.Build.0 = Release|Any CPU
		{6B575479-955E-4A2D-AC63-3CBA91120C1F}.Debug|Any CPU.ActiveCfg = Debug|Any CPU
		{6B575479-955E-4A2D-AC63-3CBA91120C1F}.Debug|Any CPU.Build.0 = Debug|Any CPU
		{6B575479-955E-4A2D-AC63-3CBA91120C1F}.Debug|x64.ActiveCfg = Debug|Any CPU
		{6B575479-955E-4A2D-AC63-3CBA91120C1F}.Debug|x64.Build.0 = Debug|Any CPU
		{6B575479-955E-4A2D-AC63-3CBA91120C1F}.Debug|x86.ActiveCfg = Debug|Any CPU
		{6B575479-955E-4A2D-AC63-3CBA91120C1F}.Debug|x86.Build.0 = Debug|Any CPU
		{6B575479-955E-4A2D-AC63-3CBA91120C1F}.Release|Any CPU.ActiveCfg = Release|Any CPU
		{6B575479-955E-4A2D-AC63-3CBA91120C1F}.Release|Any CPU.Build.0 = Release|Any CPU
		{6B575479-955E-4A2D-AC63-3CBA91120C1F}.Release|x64.ActiveCfg = Release|Any CPU
		{6B575479-955E-4A2D-AC63-3CBA91120C1F}.Release|x64.Build.0 = Release|Any CPU
		{6B575479-955E-4A2D-AC63-3CBA91120C1F}.Release|x86.ActiveCfg = Release|Any CPU
		{6B575479-955E-4A2D-AC63-3CBA91120C1F}.Release|x86.Build.0 = Release|Any CPU
		{4288BFA9-6125-46E1-87F2-879B081912BD}.Debug|Any CPU.ActiveCfg = Debug|Any CPU
		{4288BFA9-6125-46E1-87F2-879B081912BD}.Debug|Any CPU.Build.0 = Debug|Any CPU
		{4288BFA9-6125-46E1-87F2-879B081912BD}.Debug|x64.ActiveCfg = Debug|Any CPU
		{4288BFA9-6125-46E1-87F2-879B081912BD}.Debug|x64.Build.0 = Debug|Any CPU
		{4288BFA9-6125-46E1-87F2-879B081912BD}.Debug|x86.ActiveCfg = Debug|Any CPU
		{4288BFA9-6125-46E1-87F2-879B081912BD}.Debug|x86.Build.0 = Debug|Any CPU
		{4288BFA9-6125-46E1-87F2-879B081912BD}.Release|Any CPU.ActiveCfg = Release|Any CPU
		{4288BFA9-6125-46E1-87F2-879B081912BD}.Release|Any CPU.Build.0 = Release|Any CPU
		{4288BFA9-6125-46E1-87F2-879B081912BD}.Release|x64.ActiveCfg = Release|Any CPU
		{4288BFA9-6125-46E1-87F2-879B081912BD}.Release|x64.Build.0 = Release|Any CPU
		{4288BFA9-6125-46E1-87F2-879B081912BD}.Release|x86.ActiveCfg = Release|Any CPU
		{4288BFA9-6125-46E1-87F2-879B081912BD}.Release|x86.Build.0 = Release|Any CPU
		{3BD8841C-C393-4547-9F0F-C40E242522F4}.Debug|Any CPU.ActiveCfg = Debug|Any CPU
		{3BD8841C-C393-4547-9F0F-C40E242522F4}.Debug|Any CPU.Build.0 = Debug|Any CPU
		{3BD8841C-C393-4547-9F0F-C40E242522F4}.Debug|x64.ActiveCfg = Debug|Any CPU
		{3BD8841C-C393-4547-9F0F-C40E242522F4}.Debug|x64.Build.0 = Debug|Any CPU
		{3BD8841C-C393-4547-9F0F-C40E242522F4}.Debug|x86.ActiveCfg = Debug|Any CPU
		{3BD8841C-C393-4547-9F0F-C40E242522F4}.Debug|x86.Build.0 = Debug|Any CPU
		{3BD8841C-C393-4547-9F0F-C40E242522F4}.Release|Any CPU.ActiveCfg = Release|Any CPU
		{3BD8841C-C393-4547-9F0F-C40E242522F4}.Release|Any CPU.Build.0 = Release|Any CPU
		{3BD8841C-C393-4547-9F0F-C40E242522F4}.Release|x64.ActiveCfg = Release|Any CPU
		{3BD8841C-C393-4547-9F0F-C40E242522F4}.Release|x64.Build.0 = Release|Any CPU
		{3BD8841C-C393-4547-9F0F-C40E242522F4}.Release|x86.ActiveCfg = Release|Any CPU
		{3BD8841C-C393-4547-9F0F-C40E242522F4}.Release|x86.Build.0 = Release|Any CPU
	EndGlobalSection
	GlobalSection(NestedProjects) = preSolution
		{1E33F269-B730-4FF0-B8BC-DCEA7A2192A2} = {E0DC0FCF-CF57-4EB3-B785-EE80FB6EFE50}
		{6B575479-955E-4A2D-AC63-3CBA91120C1F} = {E0DC0FCF-CF57-4EB3-B785-EE80FB6EFE50}
		{4288BFA9-6125-46E1-87F2-879B081912BD} = {E0DC0FCF-CF57-4EB3-B785-EE80FB6EFE50}
		{3BD8841C-C393-4547-9F0F-C40E242522F4} = {E0DC0FCF-CF57-4EB3-B785-EE80FB6EFE50}
	EndGlobalSection
EndGlobal
